
Microsoft Visual Studio Solution File, Format Version 12.00
# Visual Studio Version 17
VisualStudioVersion = 17.4.33213.308
MinimumVisualStudioVersion = 10.0.40219.1
Project("{FAE04EC0-301F-11D3-BF4B-00C04F79EFBC}") = "DataGenStatistics", "DataGenStatistics\DataGenStatistics.csproj", "{0C0DB250-4FFB-4F7D-907A-648B5E08DCAE}"
EndProject
Global
	GlobalSection(SolutionConfigurationPlatforms) = preSolution
		Debug|Any CPU = Debug|Any CPU
		Release|Any CPU = Release|Any CPU
	EndGlobalSection
	GlobalSection(ProjectConfigurationPlatforms) = postSolution
		{0C0DB250-4FFB-4F7D-907A-648B5E08DCAE}.Debug|Any CPU.ActiveCfg = Debug|Any CPU
		{0C0DB250-4FFB-4F7D-907A-648B5E08DCAE}.Debug|Any CPU.Build.0 = Debug|Any CPU
		{0C0DB250-4FFB-4F7D-907A-648B5E08DCAE}.Release|Any CPU.ActiveCfg = Release|Any CPU
		{0C0DB250-4FFB-4F7D-907A-648B5E08DCAE}.Release|Any CPU.Build.0 = Release|Any CPU
	EndGlobalSection
	GlobalSection(SolutionProperties) = preSolution
		HideSolutionNode = FALSE
	EndGlobalSection
	GlobalSection(ExtensibilityGlobals) = postSolution
		SolutionGuid = {BE34D7E4-A9AA-4DDF-8134-C36435E9ED0D}
	EndGlobalSection
EndGlobal
