
Microsoft Visual Studio Solution File, Format Version 12.00
# Visual Studio Version 17
VisualStudioVersion = 17.4.33213.308
MinimumVisualStudioVersion = 10.0.40219.1
Project("{FAE04EC0-301F-11D3-BF4B-00C04F79EFBC}") = "RandomDataGenerator", "RandomDataGenerator\RandomDataGenerator.csproj", "{CCFD9F58-004C-4C6B-BD73-E212BEE4019B}"
EndProject
Global
	GlobalSection(SolutionConfigurationPlatforms) = preSolution
		Debug|Any CPU = Debug|Any CPU
		Release|Any CPU = Release|Any CPU
	EndGlobalSection
	GlobalSection(ProjectConfigurationPlatforms) = postSolution
		{CCFD9F58-004C-4C6B-BD73-E212BEE4019B}.Debug|Any CPU.ActiveCfg = Debug|Any CPU
		{CCFD9F58-004C-4C6B-BD73-E212BEE4019B}.Debug|Any CPU.Build.0 = Debug|Any CPU
		{CCFD9F58-004C-4C6B-BD73-E212BEE4019B}.Release|Any CPU.ActiveCfg = Release|Any CPU
		{CCFD9F58-004C-4C6B-BD73-E212BEE4019B}.Release|Any CPU.Build.0 = Release|Any CPU
	EndGlobalSection
	GlobalSection(SolutionProperties) = preSolution
		HideSolutionNode = FALSE
	EndGlobalSection
	GlobalSection(ExtensibilityGlobals) = postSolution
		SolutionGuid = {131A4108-7E06-4428-85DA-9DA87F5A05A3}
	EndGlobalSection
EndGlobal
